
Microsoft Visual Studio Solution File, Format Version 12.00
# Visual Studio 15
VisualStudioVersion = 15.0.27703.2035
MinimumVisualStudioVersion = 10.0.40219.1
Project("{FAE04EC0-301F-11D3-BF4B-00C04F79EFBC}") = "OSA_Lab5", "WpfApp1\OSA_Lab5.csproj", "{CEE2E529-27DE-4BF8-A673-69A5C1E22B21}"
EndProject
Global
	GlobalSection(SolutionConfigurationPlatforms) = preSolution
		Debug|Any CPU = Debug|Any CPU
		Release|Any CPU = Release|Any CPU
	EndGlobalSection
	GlobalSection(ProjectConfigurationPlatforms) = postSolution
		{CEE2E529-27DE-4BF8-A673-69A5C1E22B21}.Debug|Any CPU.ActiveCfg = Debug|Any CPU
		{CEE2E529-27DE-4BF8-A673-69A5C1E22B21}.Debug|Any CPU.Build.0 = Debug|Any CPU
		{CEE2E529-27DE-4BF8-A673-69A5C1E22B21}.Release|Any CPU.ActiveCfg = Release|Any CPU
		{CEE2E529-27DE-4BF8-A673-69A5C1E22B21}.Release|Any CPU.Build.0 = Release|Any CPU
	EndGlobalSection
	GlobalSection(SolutionProperties) = preSolution
		HideSolutionNode = FALSE
	EndGlobalSection
	GlobalSection(ExtensibilityGlobals) = postSolution
		SolutionGuid = {18DD2726-26FD-407B-BB5F-F3BB35E5FBC6}
	EndGlobalSection
EndGlobal
